
Microsoft Visual Studio Solution File, Format Version 12.00
# Visual Studio Version 16
VisualStudioVersion = 16.0.28803.202
MinimumVisualStudioVersion = 10.0.40219.1
Project("{FAE04EC0-301F-11D3-BF4B-00C04F79EFBC}") = "DotNetCoreWebApiTests", "DotNetCoreWebApiTests\DotNetCoreWebApiTests.csproj", "{E1CAF19C-83B2-417B-BF1D-459032DC0357}"
EndProject
Global
	GlobalSection(SolutionConfigurationPlatforms) = preSolution
		Debug|Any CPU = Debug|Any CPU
		Release|Any CPU = Release|Any CPU
	EndGlobalSection
	GlobalSection(ProjectConfigurationPlatforms) = postSolution
		{E1CAF19C-83B2-417B-BF1D-459032DC0357}.Debug|Any CPU.ActiveCfg = Debug|Any CPU
		{E1CAF19C-83B2-417B-BF1D-459032DC0357}.Debug|Any CPU.Build.0 = Debug|Any CPU
		{E1CAF19C-83B2-417B-BF1D-459032DC0357}.Release|Any CPU.ActiveCfg = Release|Any CPU
		{E1CAF19C-83B2-417B-BF1D-459032DC0357}.Release|Any CPU.Build.0 = Release|Any CPU
	EndGlobalSection
	GlobalSection(SolutionProperties) = preSolution
		HideSolutionNode = FALSE
	EndGlobalSection
	GlobalSection(ExtensibilityGlobals) = postSolution
		SolutionGuid = {D4D5386D-9C1A-423B-A29D-7E3E5216E8A5}
	EndGlobalSection
EndGlobal
